// !$*UTF8*$!
{
	archiveVersion = 1;
	classes = {
	};
	objectVersion = 50;
	objects = {

/* Begin PBXBuildFile section */
		A29D37D325D4E0460034F045 /* CreateFoodView.swift in Sources */ = {isa = PBXBuildFile; fileRef = A29D37D225D4E0450034F045 /* CreateFoodView.swift */; };
		A2E4D31425D4D24400FE5361 /* FridgeApp.swift in Sources */ = {isa = PBXBuildFile; fileRef = A2E4D31325D4D24400FE5361 /* FridgeApp.swift */; };
		A2E4D31625D4D24400FE5361 /* ContentView.swift in Sources */ = {isa = PBXBuildFile; fileRef = A2E4D31525D4D24400FE5361 /* ContentView.swift */; };
		A2E4D31825D4D24500FE5361 /* Assets.xcassets in Resources */ = {isa = PBXBuildFile; fileRef = A2E4D31725D4D24500FE5361 /* Assets.xcassets */; };
		A2E4D31B25D4D24500FE5361 /* Preview Assets.xcassets in Resources */ = {isa = PBXBuildFile; fileRef = A2E4D31A25D4D24500FE5361 /* Preview Assets.xcassets */; };
		A2E4D32625D4D24500FE5361 /* Things_In_My_FridgeTests.swift in Sources */ = {isa = PBXBuildFile; fileRef = A2E4D32525D4D24500FE5361 /* Things_In_My_FridgeTests.swift */; };
		A2E4D33125D4D24500FE5361 /* Things_In_My_FridgeUITests.swift in Sources */ = {isa = PBXBuildFile; fileRef = A2E4D33025D4D24500FE5361 /* Things_In_My_FridgeUITests.swift */; };
		A2E4D34525D4D2C200FE5361 /* Food.swift in Sources */ = {isa = PBXBuildFile; fileRef = A2E4D34425D4D2C200FE5361 /* Food.swift */; };
		A2E4D35125D4D36D00FE5361 /* FoodModel.swift in Sources */ = {isa = PBXBuildFile; fileRef = A2E4D35025D4D36D00FE5361 /* FoodModel.swift */; };
		A2E4D35925D4D7F500FE5361 /* FoodView.swift in Sources */ = {isa = PBXBuildFile; fileRef = A2E4D35825D4D7F500FE5361 /* FoodView.swift */; };
/* End PBXBuildFile section */

/* Begin PBXContainerItemProxy section */
		A2E4D32225D4D24500FE5361 /* PBXContainerItemProxy */ = {
			isa = PBXContainerItemProxy;
			containerPortal = A2E4D30825D4D24300FE5361 /* Project object */;
			proxyType = 1;
			remoteGlobalIDString = A2E4D30F25D4D24400FE5361;
			remoteInfo = "Things In My Fridge";
		};
		A2E4D32D25D4D24500FE5361 /* PBXContainerItemProxy */ = {
			isa = PBXContainerItemProxy;
			containerPortal = A2E4D30825D4D24300FE5361 /* Project object */;
			proxyType = 1;
			remoteGlobalIDString = A2E4D30F25D4D24400FE5361;
			remoteInfo = "Things In My Fridge";
		};
/* End PBXContainerItemProxy section */

/* Begin PBXFileReference section */
		A29D37D225D4E0450034F045 /* CreateFoodView.swift */ = {isa = PBXFileReference; lastKnownFileType = sourcecode.swift; path = CreateFoodView.swift; sourceTree = "<group>"; };
		A2E4D31025D4D24400FE5361 /* Things In My Fridge.app */ = {isa = PBXFileReference; explicitFileType = wrapper.application; includeInIndex = 0; path = "Things In My Fridge.app"; sourceTree = BUILT_PRODUCTS_DIR; };
		A2E4D31325D4D24400FE5361 /* FridgeApp.swift */ = {isa = PBXFileReference; lastKnownFileType = sourcecode.swift; path = FridgeApp.swift; sourceTree = "<group>"; };
		A2E4D31525D4D24400FE5361 /* ContentView.swift */ = {isa = PBXFileReference; lastKnownFileType = sourcecode.swift; path = ContentView.swift; sourceTree = "<group>"; };
		A2E4D31725D4D24500FE5361 /* Assets.xcassets */ = {isa = PBXFileReference; lastKnownFileType = folder.assetcatalog; path = Assets.xcassets; sourceTree = "<group>"; };
		A2E4D31A25D4D24500FE5361 /* Preview Assets.xcassets */ = {isa = PBXFileReference; lastKnownFileType = folder.assetcatalog; path = "Preview Assets.xcassets"; sourceTree = "<group>"; };
		A2E4D31C25D4D24500FE5361 /* Info.plist */ = {isa = PBXFileReference; lastKnownFileType = text.plist.xml; path = Info.plist; sourceTree = "<group>"; };
		A2E4D32125D4D24500FE5361 /* Things In My FridgeTests.xctest */ = {isa = PBXFileReference; explicitFileType = wrapper.cfbundle; includeInIndex = 0; path = "Things In My FridgeTests.xctest"; sourceTree = BUILT_PRODUCTS_DIR; };
		A2E4D32525D4D24500FE5361 /* Things_In_My_FridgeTests.swift */ = {isa = PBXFileReference; lastKnownFileType = sourcecode.swift; path = Things_In_My_FridgeTests.swift; sourceTree = "<group>"; };
		A2E4D32725D4D24500FE5361 /* Info.plist */ = {isa = PBXFileReference; lastKnownFileType = text.plist.xml; path = Info.plist; sourceTree = "<group>"; };
		A2E4D32C25D4D24500FE5361 /* Things In My FridgeUITests.xctest */ = {isa = PBXFileReference; explicitFileType = wrapper.cfbundle; includeInIndex = 0; path = "Things In My FridgeUITests.xctest"; sourceTree = BUILT_PRODUCTS_DIR; };
		A2E4D33025D4D24500FE5361 /* Things_In_My_FridgeUITests.swift */ = {isa = PBXFileReference; lastKnownFileType = sourcecode.swift; path = Things_In_My_FridgeUITests.swift; sourceTree = "<group>"; };
		A2E4D33225D4D24500FE5361 /* Info.plist */ = {isa = PBXFileReference; lastKnownFileType = text.plist.xml; path = Info.plist; sourceTree = "<group>"; };
		A2E4D34425D4D2C200FE5361 /* Food.swift */ = {isa = PBXFileReference; lastKnownFileType = sourcecode.swift; path = Food.swift; sourceTree = "<group>"; };
		A2E4D35025D4D36D00FE5361 /* FoodModel.swift */ = {isa = PBXFileReference; lastKnownFileType = sourcecode.swift; path = FoodModel.swift; sourceTree = "<group>"; };
		A2E4D35825D4D7F500FE5361 /* FoodView.swift */ = {isa = PBXFileReference; lastKnownFileType = sourcecode.swift; path = FoodView.swift; sourceTree = "<group>"; };
/* End PBXFileReference section */

/* Begin PBXFrameworksBuildPhase section */
		A2E4D30D25D4D24400FE5361 /* Frameworks */ = {
			isa = PBXFrameworksBuildPhase;
			buildActionMask = 2147483647;
			files = (
			);
			runOnlyForDeploymentPostprocessing = 0;
		};
		A2E4D31E25D4D24500FE5361 /* Frameworks */ = {
			isa = PBXFrameworksBuildPhase;
			buildActionMask = 2147483647;
			files = (
			);
			runOnlyForDeploymentPostprocessing = 0;
		};
		A2E4D32925D4D24500FE5361 /* Frameworks */ = {
			isa = PBXFrameworksBuildPhase;
			buildActionMask = 2147483647;
			files = (
			);
			runOnlyForDeploymentPostprocessing = 0;
		};
/* End PBXFrameworksBuildPhase section */

/* Begin PBXGroup section */
		A2E4D30725D4D24300FE5361 = {
			isa = PBXGroup;
			children = (
				A2E4D31225D4D24400FE5361 /* Things In My Fridge */,
				A2E4D32425D4D24500FE5361 /* Things In My FridgeTests */,
				A2E4D32F25D4D24500FE5361 /* Things In My FridgeUITests */,
				A2E4D31125D4D24400FE5361 /* Products */,
			);
			sourceTree = "<group>";
		};
		A2E4D31125D4D24400FE5361 /* Products */ = {
			isa = PBXGroup;
			children = (
				A2E4D31025D4D24400FE5361 /* Things In My Fridge.app */,
				A2E4D32125D4D24500FE5361 /* Things In My FridgeTests.xctest */,
				A2E4D32C25D4D24500FE5361 /* Things In My FridgeUITests.xctest */,
			);
			name = Products;
			sourceTree = "<group>";
		};
		A2E4D31225D4D24400FE5361 /* Things In My Fridge */ = {
			isa = PBXGroup;
			children = (
				A2E4D31325D4D24400FE5361 /* FridgeApp.swift */,
				A2E4D34F25D4D33E00FE5361 /* FoodStuff */,
				A2E4D31525D4D24400FE5361 /* ContentView.swift */,
				A2E4D31725D4D24500FE5361 /* Assets.xcassets */,
				A2E4D31C25D4D24500FE5361 /* Info.plist */,
				A2E4D31925D4D24500FE5361 /* Preview Content */,
				A2E4D35825D4D7F500FE5361 /* FoodView.swift */,
				A29D37D225D4E0450034F045 /* CreateFoodView.swift */,
			);
			path = "Things In My Fridge";
			sourceTree = "<group>";
		};
		A2E4D31925D4D24500FE5361 /* Preview Content */ = {
			isa = PBXGroup;
			children = (
				A2E4D31A25D4D24500FE5361 /* Preview Assets.xcassets */,
			);
			path = "Preview Content";
			sourceTree = "<group>";
		};
		A2E4D32425D4D24500FE5361 /* Things In My FridgeTests */ = {
			isa = PBXGroup;
			children = (
				A2E4D32525D4D24500FE5361 /* Things_In_My_FridgeTests.swift */,
				A2E4D32725D4D24500FE5361 /* Info.plist */,
			);
			path = "Things In My FridgeTests";
			sourceTree = "<group>";
		};
		A2E4D32F25D4D24500FE5361 /* Things In My FridgeUITests */ = {
			isa = PBXGroup;
			children = (
				A2E4D33025D4D24500FE5361 /* Things_In_My_FridgeUITests.swift */,
				A2E4D33225D4D24500FE5361 /* Info.plist */,
			);
			path = "Things In My FridgeUITests";
			sourceTree = "<group>";
		};
		A2E4D34F25D4D33E00FE5361 /* FoodStuff */ = {
			isa = PBXGroup;
			children = (
				A2E4D34425D4D2C200FE5361 /* Food.swift */,
				A2E4D35025D4D36D00FE5361 /* FoodModel.swift */,
			);
			path = FoodStuff;
			sourceTree = "<group>";
		};
/* End PBXGroup section */

/* Begin PBXNativeTarget section */
		A2E4D30F25D4D24400FE5361 /* Things In My Fridge */ = {
			isa = PBXNativeTarget;
			buildConfigurationList = A2E4D33525D4D24500FE5361 /* Build configuration list for PBXNativeTarget "Things In My Fridge" */;
			buildPhases = (
				A2E4D30C25D4D24400FE5361 /* Sources */,
				A2E4D30D25D4D24400FE5361 /* Frameworks */,
				A2E4D30E25D4D24400FE5361 /* Resources */,
			);
			buildRules = (
			);
			dependencies = (
			);
			name = "Things In My Fridge";
			productName = "Things In My Fridge";
			productReference = A2E4D31025D4D24400FE5361 /* Things In My Fridge.app */;
			productType = "com.apple.product-type.application";
		};
		A2E4D32025D4D24500FE5361 /* Things In My FridgeTests */ = {
			isa = PBXNativeTarget;
			buildConfigurationList = A2E4D33825D4D24500FE5361 /* Build configuration list for PBXNativeTarget "Things In My FridgeTests" */;
			buildPhases = (
				A2E4D31D25D4D24500FE5361 /* Sources */,
				A2E4D31E25D4D24500FE5361 /* Frameworks */,
				A2E4D31F25D4D24500FE5361 /* Resources */,
			);
			buildRules = (
			);
			dependencies = (
				A2E4D32325D4D24500FE5361 /* PBXTargetDependency */,
			);
			name = "Things In My FridgeTests";
			productName = "Things In My FridgeTests";
			productReference = A2E4D32125D4D24500FE5361 /* Things In My FridgeTests.xctest */;
			productType = "com.apple.product-type.bundle.unit-test";
		};
		A2E4D32B25D4D24500FE5361 /* Things In My FridgeUITests */ = {
			isa = PBXNativeTarget;
			buildConfigurationList = A2E4D33B25D4D24500FE5361 /* Build configuration list for PBXNativeTarget "Things In My FridgeUITests" */;
			buildPhases = (
				A2E4D32825D4D24500FE5361 /* Sources */,
				A2E4D32925D4D24500FE5361 /* Frameworks */,
				A2E4D32A25D4D24500FE5361 /* Resources */,
			);
			buildRules = (
			);
			dependencies = (
				A2E4D32E25D4D24500FE5361 /* PBXTargetDependency */,
			);
			name = "Things In My FridgeUITests";
			productName = "Things In My FridgeUITests";
			productReference = A2E4D32C25D4D24500FE5361 /* Things In My FridgeUITests.xctest */;
			productType = "com.apple.product-type.bundle.ui-testing";
		};
/* End PBXNativeTarget section */

/* Begin PBXProject section */
		A2E4D30825D4D24300FE5361 /* Project object */ = {
			isa = PBXProject;
			attributes = {
				LastSwiftUpdateCheck = 1240;
				LastUpgradeCheck = 1240;
				TargetAttributes = {
					A2E4D30F25D4D24400FE5361 = {
						CreatedOnToolsVersion = 12.4;
					};
					A2E4D32025D4D24500FE5361 = {
						CreatedOnToolsVersion = 12.4;
						TestTargetID = A2E4D30F25D4D24400FE5361;
					};
					A2E4D32B25D4D24500FE5361 = {
						CreatedOnToolsVersion = 12.4;
						TestTargetID = A2E4D30F25D4D24400FE5361;
					};
				};
			};
			buildConfigurationList = A2E4D30B25D4D24300FE5361 /* Build configuration list for PBXProject "Things In My Fridge" */;
			compatibilityVersion = "Xcode 9.3";
			developmentRegion = en;
			hasScannedForEncodings = 0;
			knownRegions = (
				en,
				Base,
			);
			mainGroup = A2E4D30725D4D24300FE5361;
			productRefGroup = A2E4D31125D4D24400FE5361 /* Products */;
			projectDirPath = "";
			projectRoot = "";
			targets = (
				A2E4D30F25D4D24400FE5361 /* Things In My Fridge */,
				A2E4D32025D4D24500FE5361 /* Things In My FridgeTests */,
				A2E4D32B25D4D24500FE5361 /* Things In My FridgeUITests */,
			);
		};
/* End PBXProject section */

/* Begin PBXResourcesBuildPhase section */
		A2E4D30E25D4D24400FE5361 /* Resources */ = {
			isa = PBXResourcesBuildPhase;
			buildActionMask = 2147483647;
			files = (
				A2E4D31B25D4D24500FE5361 /* Preview Assets.xcassets in Resources */,
				A2E4D31825D4D24500FE5361 /* Assets.xcassets in Resources */,
			);
			runOnlyForDeploymentPostprocessing = 0;
		};
		A2E4D31F25D4D24500FE5361 /* Resources */ = {
			isa = PBXResourcesBuildPhase;
			buildActionMask = 2147483647;
			files = (
			);
			runOnlyForDeploymentPostprocessing = 0;
		};
		A2E4D32A25D4D24500FE5361 /* Resources */ = {
			isa = PBXResourcesBuildPhase;
			buildActionMask = 2147483647;
			files = (
			);
			runOnlyForDeploymentPostprocessing = 0;
		};
/* End PBXResourcesBuildPhase section */

/* Begin PBXSourcesBuildPhase section */
		A2E4D30C25D4D24400FE5361 /* Sources */ = {
			isa = PBXSourcesBuildPhase;
			buildActionMask = 2147483647;
			files = (
				A2E4D34525D4D2C200FE5361 /* Food.swift in Sources */,
				A2E4D35925D4D7F500FE5361 /* FoodView.swift in Sources */,
				A29D37D325D4E0460034F045 /* CreateFoodView.swift in Sources */,
				A2E4D31625D4D24400FE5361 /* ContentView.swift in Sources */,
				A2E4D31425D4D24400FE5361 /* FridgeApp.swift in Sources */,
				A2E4D35125D4D36D00FE5361 /* FoodModel.swift in Sources */,
			);
			runOnlyForDeploymentPostprocessing = 0;
		};
		A2E4D31D25D4D24500FE5361 /* Sources */ = {
			isa = PBXSourcesBuildPhase;
			buildActionMask = 2147483647;
			files = (
				A2E4D32625D4D24500FE5361 /* Things_In_My_FridgeTests.swift in Sources */,
			);
			runOnlyForDeploymentPostprocessing = 0;
		};
		A2E4D32825D4D24500FE5361 /* Sources */ = {
			isa = PBXSourcesBuildPhase;
			buildActionMask = 2147483647;
			files = (
				A2E4D33125D4D24500FE5361 /* Things_In_My_FridgeUITests.swift in Sources */,
			);
			runOnlyForDeploymentPostprocessing = 0;
		};
/* End PBXSourcesBuildPhase section */

/* Begin PBXTargetDependency section */
		A2E4D32325D4D24500FE5361 /* PBXTargetDependency */ = {
			isa = PBXTargetDependency;
			target = A2E4D30F25D4D24400FE5361 /* Things In My Fridge */;
			targetProxy = A2E4D32225D4D24500FE5361 /* PBXContainerItemProxy */;
		};
		A2E4D32E25D4D24500FE5361 /* PBXTargetDependency */ = {
			isa = PBXTargetDependency;
			target = A2E4D30F25D4D24400FE5361 /* Things In My Fridge */;
			targetProxy = A2E4D32D25D4D24500FE5361 /* PBXContainerItemProxy */;
		};
/* End PBXTargetDependency section */

/* Begin XCBuildConfiguration section */
		A2E4D33325D4D24500FE5361 /* Debug */ = {
			isa = XCBuildConfiguration;
			buildSettings = {
				ALWAYS_SEARCH_USER_PATHS = NO;
				CLANG_ANALYZER_NONNULL = YES;
				CLANG_ANALYZER_NUMBER_OBJECT_CONVERSION = YES_AGGRESSIVE;
				CLANG_CXX_LANGUAGE_STANDARD = "gnu++14";
				CLANG_CXX_LIBRARY = "libc++";
				CLANG_ENABLE_MODULES = YES;
				CLANG_ENABLE_OBJC_ARC = YES;
				CLANG_ENABLE_OBJC_WEAK = YES;
				CLANG_WARN_BLOCK_CAPTURE_AUTORELEASING = YES;
				CLANG_WARN_BOOL_CONVERSION = YES;
				CLANG_WARN_COMMA = YES;
				CLANG_WARN_CONSTANT_CONVERSION = YES;
				CLANG_WARN_DEPRECATED_OBJC_IMPLEMENTATIONS = YES;
				CLANG_WARN_DIRECT_OBJC_ISA_USAGE = YES_ERROR;
				CLANG_WARN_DOCUMENTATION_COMMENTS = YES;
				CLANG_WARN_EMPTY_BODY = YES;
				CLANG_WARN_ENUM_CONVERSION = YES;
				CLANG_WARN_INFINITE_RECURSION = YES;
				CLANG_WARN_INT_CONVERSION = YES;
				CLANG_WARN_NON_LITERAL_NULL_CONVERSION = YES;
				CLANG_WARN_OBJC_IMPLICIT_RETAIN_SELF = YES;
				CLANG_WARN_OBJC_LITERAL_CONVERSION = YES;
				CLANG_WARN_OBJC_ROOT_CLASS = YES_ERROR;
				CLANG_WARN_QUOTED_INCLUDE_IN_FRAMEWORK_HEADER = YES;
				CLANG_WARN_RANGE_LOOP_ANALYSIS = YES;
				CLANG_WARN_STRICT_PROTOTYPES = YES;
				CLANG_WARN_SUSPICIOUS_MOVE = YES;
				CLANG_WARN_UNGUARDED_AVAILABILITY = YES_AGGRESSIVE;
				CLANG_WARN_UNREACHABLE_CODE = YES;
				CLANG_WARN__DUPLICATE_METHOD_MATCH = YES;
				COPY_PHASE_STRIP = NO;
				DEBUG_INFORMATION_FORMAT = dwarf;
				ENABLE_STRICT_OBJC_MSGSEND = YES;
				ENABLE_TESTABILITY = YES;
				GCC_C_LANGUAGE_STANDARD = gnu11;
				GCC_DYNAMIC_NO_PIC = NO;
				GCC_NO_COMMON_BLOCKS = YES;
				GCC_OPTIMIZATION_LEVEL = 0;
				GCC_PREPROCESSOR_DEFINITIONS = (
					"DEBUG=1",
					"$(inherited)",
				);
				GCC_WARN_64_TO_32_BIT_CONVERSION = YES;
				GCC_WARN_ABOUT_RETURN_TYPE = YES_ERROR;
				GCC_WARN_UNDECLARED_SELECTOR = YES;
				GCC_WARN_UNINITIALIZED_AUTOS = YES_AGGRESSIVE;
				GCC_WARN_UNUSED_FUNCTION = YES;
				GCC_WARN_UNUSED_VARIABLE = YES;
				IPHONEOS_DEPLOYMENT_TARGET = 14.4;
				MTL_ENABLE_DEBUG_INFO = INCLUDE_SOURCE;
				MTL_FAST_MATH = YES;
				ONLY_ACTIVE_ARCH = YES;
				SDKROOT = iphoneos;
				SWIFT_ACTIVE_COMPILATION_CONDITIONS = DEBUG;
				SWIFT_OPTIMIZATION_LEVEL = "-Onone";
			};
			name = Debug;
		};
		A2E4D33425D4D24500FE5361 /* Release */ = {
			isa = XCBuildConfiguration;
			buildSettings = {
				ALWAYS_SEARCH_USER_PATHS = NO;
				CLANG_ANALYZER_NONNULL = YES;
				CLANG_ANALYZER_NUMBER_OBJECT_CONVERSION = YES_AGGRESSIVE;
				CLANG_CXX_LANGUAGE_STANDARD = "gnu++14";
				CLANG_CXX_LIBRARY = "libc++";
				CLANG_ENABLE_MODULES = YES;
				CLANG_ENABLE_OBJC_ARC = YES;
				CLANG_ENABLE_OBJC_WEAK = YES;
				CLANG_WARN_BLOCK_CAPTURE_AUTORELEASING = YES;
				CLANG_WARN_BOOL_CONVERSION = YES;
				CLANG_WARN_COMMA = YES;
				CLANG_WARN_CONSTANT_CONVERSION = YES;
				CLANG_WARN_DEPRECATED_OBJC_IMPLEMENTATIONS = YES;
				CLANG_WARN_DIRECT_OBJC_ISA_USAGE = YES_ERROR;
				CLANG_WARN_DOCUMENTATION_COMMENTS = YES;
				CLANG_WARN_EMPTY_BODY = YES;
				CLANG_WARN_ENUM_CONVERSION = YES;
				CLANG_WARN_INFINITE_RECURSION = YES;
				CLANG_WARN_INT_CONVERSION = YES;
				CLANG_WARN_NON_LITERAL_NULL_CONVERSION = YES;
				CLANG_WARN_OBJC_IMPLICIT_RETAIN_SELF = YES;
				CLANG_WARN_OBJC_LITERAL_CONVERSION = YES;
				CLANG_WARN_OBJC_ROOT_CLASS = YES_ERROR;
				CLANG_WARN_QUOTED_INCLUDE_IN_FRAMEWORK_HEADER = YES;
				CLANG_WARN_RANGE_LOOP_ANALYSIS = YES;
				CLANG_WARN_STRICT_PROTOTYPES = YES;
				CLANG_WARN_SUSPICIOUS_MOVE = YES;
				CLANG_WARN_UNGUARDED_AVAILABILITY = YES_AGGRESSIVE;
				CLANG_WARN_UNREACHABLE_CODE = YES;
				CLANG_WARN__DUPLICATE_METHOD_MATCH = YES;
				COPY_PHASE_STRIP = NO;
				DEBUG_INFORMATION_FORMAT = "dwarf-with-dsym";
				ENABLE_NS_ASSERTIONS = NO;
				ENABLE_STRICT_OBJC_MSGSEND = YES;
				GCC_C_LANGUAGE_STANDARD = gnu11;
				GCC_NO_COMMON_BLOCKS = YES;
				GCC_WARN_64_TO_32_BIT_CONVERSION = YES;
				GCC_WARN_ABOUT_RETURN_TYPE = YES_ERROR;
				GCC_WARN_UNDECLARED_SELECTOR = YES;
				GCC_WARN_UNINITIALIZED_AUTOS = YES_AGGRESSIVE;
				GCC_WARN_UNUSED_FUNCTION = YES;
				GCC_WARN_UNUSED_VARIABLE = YES;
				IPHONEOS_DEPLOYMENT_TARGET = 14.4;
				MTL_ENABLE_DEBUG_INFO = NO;
				MTL_FAST_MATH = YES;
				SDKROOT = iphoneos;
				SWIFT_COMPILATION_MODE = wholemodule;
				SWIFT_OPTIMIZATION_LEVEL = "-O";
				VALIDATE_PRODUCT = YES;
			};
			name = Release;
		};
		A2E4D33625D4D24500FE5361 /* Debug */ = {
			isa = XCBuildConfiguration;
			buildSettings = {
				ASSETCATALOG_COMPILER_APPICON_NAME = AppIcon;
				ASSETCATALOG_COMPILER_GLOBAL_ACCENT_COLOR_NAME = AccentColor;
				CODE_SIGN_STYLE = Automatic;
				DEVELOPMENT_ASSET_PATHS = "\"Things In My Fridge/Preview Content\"";
				DEVELOPMENT_TEAM = CJM5SU5XZ2;
				ENABLE_PREVIEWS = YES;
				INFOPLIST_FILE = "Things In My Fridge/Info.plist";
				IPHONEOS_DEPLOYMENT_TARGET = 14.0;
				LD_RUNPATH_SEARCH_PATHS = (
					"$(inherited)",
					"@executable_path/Frameworks",
				);
				PRODUCT_BUNDLE_IDENTIFIER = "com.timothywford.Things-In-My-Fridge";
				PRODUCT_NAME = "$(TARGET_NAME)";
				SWIFT_VERSION = 5.0;
				TARGETED_DEVICE_FAMILY = "1,2";
			};
			name = Debug;
		};
		A2E4D33725D4D24500FE5361 /* Release */ = {
			isa = XCBuildConfiguration;
			buildSettings = {
				ASSETCATALOG_COMPILER_APPICON_NAME = AppIcon;
				ASSETCATALOG_COMPILER_GLOBAL_ACCENT_COLOR_NAME = AccentColor;
				CODE_SIGN_STYLE = Automatic;
				DEVELOPMENT_ASSET_PATHS = "\"Things In My Fridge/Preview Content\"";
				DEVELOPMENT_TEAM = CJM5SU5XZ2;
				ENABLE_PREVIEWS = YES;
				INFOPLIST_FILE = "Things In My Fridge/Info.plist";
				IPHONEOS_DEPLOYMENT_TARGET = 14.0;
				LD_RUNPATH_SEARCH_PATHS = (
					"$(inherited)",
					"@executable_path/Frameworks",
				);
				PRODUCT_BUNDLE_IDENTIFIER = "com.timothywford.Things-In-My-Fridge";
				PRODUCT_NAME = "$(TARGET_NAME)";
				SWIFT_VERSION = 5.0;
				TARGETED_DEVICE_FAMILY = "1,2";
			};
			name = Release;
		};
		A2E4D33925D4D24500FE5361 /* Debug */ = {
			isa = XCBuildConfiguration;
			buildSettings = {
				ALWAYS_EMBED_SWIFT_STANDARD_LIBRARIES = YES;
				BUNDLE_LOADER = "$(TEST_HOST)";
				CODE_SIGN_STYLE = Automatic;
				DEVELOPMENT_TEAM = CJM5SU5XZ2;
				INFOPLIST_FILE = "Things In My FridgeTests/Info.plist";
				IPHONEOS_DEPLOYMENT_TARGET = 14.0;
				LD_RUNPATH_SEARCH_PATHS = (
					"$(inherited)",
					"@executable_path/Frameworks",
					"@loader_path/Frameworks",
				);
				PRODUCT_BUNDLE_IDENTIFIER = "com.timothywford.Things-In-My-FridgeTests";
				PRODUCT_NAME = "$(TARGET_NAME)";
				SWIFT_VERSION = 5.0;
				TARGETED_DEVICE_FAMILY = "1,2";
				TEST_HOST = "$(BUILT_PRODUCTS_DIR)/Things In My Fridge.app/Things In My Fridge";
			};
			name = Debug;
		};
		A2E4D33A25D4D24500FE5361 /* Release */ = {
			isa = XCBuildConfiguration;
			buildSettings = {
				ALWAYS_EMBED_SWIFT_STANDARD_LIBRARIES = YES;
				BUNDLE_LOADER = "$(TEST_HOST)";
				CODE_SIGN_STYLE = Automatic;
				DEVELOPMENT_TEAM = CJM5SU5XZ2;
				INFOPLIST_FILE = "Things In My FridgeTests/Info.plist";
				IPHONEOS_DEPLOYMENT_TARGET = 14.0;
				LD_RUNPATH_SEARCH_PATHS = (
					"$(inherited)",
					"@executable_path/Frameworks",
					"@loader_path/Frameworks",
				);
				PRODUCT_BUNDLE_IDENTIFIER = "com.timothywford.Things-In-My-FridgeTests";
				PRODUCT_NAME = "$(TARGET_NAME)";
				SWIFT_VERSION = 5.0;
				TARGETED_DEVICE_FAMILY = "1,2";
				TEST_HOST = "$(BUILT_PRODUCTS_DIR)/Things In My Fridge.app/Things In My Fridge";
			};
			name = Release;
		};
		A2E4D33C25D4D24500FE5361 /* Debug */ = {
			isa = XCBuildConfiguration;
			buildSettings = {
				ALWAYS_EMBED_SWIFT_STANDARD_LIBRARIES = YES;
				CODE_SIGN_STYLE = Automatic;
				DEVELOPMENT_TEAM = CJM5SU5XZ2;
				INFOPLIST_FILE = "Things In My FridgeUITests/Info.plist";
				LD_RUNPATH_SEARCH_PATHS = (
					"$(inherited)",
					"@executable_path/Frameworks",
					"@loader_path/Frameworks",
				);
				PRODUCT_BUNDLE_IDENTIFIER = "com.timothywford.Things-In-My-FridgeUITests";
				PRODUCT_NAME = "$(TARGET_NAME)";
				SWIFT_VERSION = 5.0;
				TARGETED_DEVICE_FAMILY = "1,2";
				TEST_TARGET_NAME = "Things In My Fridge";
			};
			name = Debug;
		};
		A2E4D33D25D4D24500FE5361 /* Release */ = {
			isa = XCBuildConfiguration;
			buildSettings = {
				ALWAYS_EMBED_SWIFT_STANDARD_LIBRARIES = YES;
				CODE_SIGN_STYLE = Automatic;
				DEVELOPMENT_TEAM = CJM5SU5XZ2;
				INFOPLIST_FILE = "Things In My FridgeUITests/Info.plist";
				LD_RUNPATH_SEARCH_PATHS = (
					"$(inherited)",
					"@executable_path/Frameworks",
					"@loader_path/Frameworks",
				);
				PRODUCT_BUNDLE_IDENTIFIER = "com.timothywford.Things-In-My-FridgeUITests";
				PRODUCT_NAME = "$(TARGET_NAME)";
				SWIFT_VERSION = 5.0;
				TARGETED_DEVICE_FAMILY = "1,2";
				TEST_TARGET_NAME = "Things In My Fridge";
			};
			name = Release;
		};
/* End XCBuildConfiguration section */

/* Begin XCConfigurationList section */
		A2E4D30B25D4D24300FE5361 /* Build configuration list for PBXProject "Things In My Fridge" */ = {
			isa = XCConfigurationList;
			buildConfigurations = (
				A2E4D33325D4D24500FE5361 /* Debug */,
				A2E4D33425D4D24500FE5361 /* Release */,
			);
			defaultConfigurationIsVisible = 0;
			defaultConfigurationName = Release;
		};
		A2E4D33525D4D24500FE5361 /* Build configuration list for PBXNativeTarget "Things In My Fridge" */ = {
			isa = XCConfigurationList;
			buildConfigurations = (
				A2E4D33625D4D24500FE5361 /* Debug */,
				A2E4D33725D4D24500FE5361 /* Release */,
			);
			defaultConfigurationIsVisible = 0;
			defaultConfigurationName = Release;
		};
		A2E4D33825D4D24500FE5361 /* Build configuration list for PBXNativeTarget "Things In My FridgeTests" */ = {
			isa = XCConfigurationList;
			buildConfigurations = (
				A2E4D33925D4D24500FE5361 /* Debug */,
				A2E4D33A25D4D24500FE5361 /* Release */,
			);
			defaultConfigurationIsVisible = 0;
			defaultConfigurationName = Release;
		};
		A2E4D33B25D4D24500FE5361 /* Build configuration list for PBXNativeTarget "Things In My FridgeUITests" */ = {
			isa = XCConfigurationList;
			buildConfigurations = (
				A2E4D33C25D4D24500FE5361 /* Debug */,
				A2E4D33D25D4D24500FE5361 /* Release */,
			);
			defaultConfigurationIsVisible = 0;
			defaultConfigurationName = Release;
		};
/* End XCConfigurationList section */
	};
	rootObject = A2E4D30825D4D24300FE5361 /* Project object */;
}
